
Microsoft Visual Studio Solution File, Format Version 12.00
# Visual Studio Version 17
VisualStudioVersion = 17.5.33627.172
MinimumVisualStudioVersion = 10.0.40219.1
Project("{FAE04EC0-301F-11D3-BF4B-00C04F79EFBC}") = "WebApplication1", "WebApplication1\WebApplication1.csproj", "{11C9D363-F6E3-4A42-A528-BE5B2CF94CD1}"
EndProject
Global
	GlobalSection(SolutionConfigurationPlatforms) = preSolution
		Debug|Any CPU = Debug|Any CPU
		Release|Any CPU = Release|Any CPU
	EndGlobalSection
	GlobalSection(ProjectConfigurationPlatforms) = postSolution
		{11C9D363-F6E3-4A42-A528-BE5B2CF94CD1}.Debug|Any CPU.ActiveCfg = Debug|Any CPU
		{11C9D363-F6E3-4A42-A528-BE5B2CF94CD1}.Debug|Any CPU.Build.0 = Debug|Any CPU
		{11C9D363-F6E3-4A42-A528-BE5B2CF94CD1}.Release|Any CPU.ActiveCfg = Release|Any CPU
		{11C9D363-F6E3-4A42-A528-BE5B2CF94CD1}.Release|Any CPU.Build.0 = Release|Any CPU
	EndGlobalSection
	GlobalSection(SolutionProperties) = preSolution
		HideSolutionNode = FALSE
	EndGlobalSection
	GlobalSection(ExtensibilityGlobals) = postSolution
		SolutionGuid = {BF1F1058-B911-4C01-9C20-D214DAD15381}
	EndGlobalSection
EndGlobal
